// !$*UTF8*$!
{
	archiveVersion = 1;
	classes = {
	};
	objectVersion = 55;
	objects = {

/* Begin PBXBuildFile section */
		3E9C865C2A0C222100E87350 /* coreml_util.swift in Sources */ = {isa = PBXBuildFile; fileRef = 3E9C865B2A0C222100E87350 /* coreml_util.swift */; };
		BD823FFE287D91F8003A6A2B /* CoreML.framework in Frameworks */ = {isa = PBXBuildFile; fileRef = BD823FFD287D91F8003A6A2B /* CoreML.framework */; };
		BD94904D287D8E540055FE69 /* main.m in Sources */ = {isa = PBXBuildFile; fileRef = BD94904C287D8E540055FE69 /* main.m */; };
/* End PBXBuildFile section */

/* Begin PBXCopyFilesBuildPhase section */
		BD949047287D8E540055FE69 /* CopyFiles */ = {
			isa = PBXCopyFilesBuildPhase;
			buildActionMask = 2147483647;
			dstPath = /usr/share/man/man1/;
			dstSubfolderSpec = 0;
			files = (
			);
			runOnlyForDeploymentPostprocessing = 1;
		};
/* End PBXCopyFilesBuildPhase section */

/* Begin PBXFileReference section */
		3E9C865B2A0C222100E87350 /* coreml_util.swift */ = {isa = PBXFileReference; lastKnownFileType = sourcecode.swift; path = coreml_util.swift; sourceTree = "<group>"; };
		3E9C865D2A0CD69100E87350 /* mobile_back_apple-Bridging-Header.h */ = {isa = PBXFileReference; fileEncoding = 4; lastKnownFileType = sourcecode.c.h; path = "mobile_back_apple-Bridging-Header.h"; sourceTree = "<group>"; };
		BD823FF3287D8F36003A6A2B /* BUILD */ = {isa = PBXFileReference; fileEncoding = 4; lastKnownFileType = text; path = BUILD; sourceTree = "<group>"; };
		BD823FFD287D91F8003A6A2B /* CoreML.framework */ = {isa = PBXFileReference; lastKnownFileType = wrapper.framework; name = CoreML.framework; path = System/Library/Frameworks/CoreML.framework; sourceTree = SDKROOT; };
		BD949049287D8E540055FE69 /* mobile_back_apple */ = {isa = PBXFileReference; explicitFileType = "compiled.mach-o.executable"; includeInIndex = 0; path = mobile_back_apple; sourceTree = BUILT_PRODUCTS_DIR; };
		BD94904C287D8E540055FE69 /* main.m */ = {isa = PBXFileReference; lastKnownFileType = sourcecode.c.objc; path = main.m; sourceTree = "<group>"; };
/* End PBXFileReference section */

/* Begin PBXFrameworksBuildPhase section */
		BD949046287D8E540055FE69 /* Frameworks */ = {
			isa = PBXFrameworksBuildPhase;
			buildActionMask = 2147483647;
			files = (
				BD823FFE287D91F8003A6A2B /* CoreML.framework in Frameworks */,
			);
			runOnlyForDeploymentPostprocessing = 0;
		};
/* End PBXFrameworksBuildPhase section */

/* Begin PBXGroup section */
		BD823FED287D8F36003A6A2B /* cpp */ = {
			isa = PBXGroup;
			children = (
				BD823FEE287D8F36003A6A2B /* backend_coreml */,
			);
			name = cpp;
			path = ../cpp;
			sourceTree = "<group>";
		};
		BD823FEE287D8F36003A6A2B /* backend_coreml */ = {
			isa = PBXGroup;
			children = (
				3E9C865D2A0CD69100E87350 /* mobile_back_apple-Bridging-Header.h */,
				BD823FF3287D8F36003A6A2B /* BUILD */,
				3E9C865B2A0C222100E87350 /* coreml_util.swift */,
			);
			path = backend_coreml;
			sourceTree = "<group>";
		};
		BD823FFC287D91F8003A6A2B /* Frameworks */ = {
			isa = PBXGroup;
			children = (
				BD823FFD287D91F8003A6A2B /* CoreML.framework */,
			);
			name = Frameworks;
			sourceTree = "<group>";
		};
		BD949040287D8E540055FE69 = {
			isa = PBXGroup;
			children = (
				BD823FED287D8F36003A6A2B /* cpp */,
				BD94904C287D8E540055FE69 /* main.m */,
				BD94904A287D8E540055FE69 /* Products */,
				BD823FFC287D91F8003A6A2B /* Frameworks */,
			);
			sourceTree = "<group>";
		};
		BD94904A287D8E540055FE69 /* Products */ = {
			isa = PBXGroup;
			children = (
				BD949049287D8E540055FE69 /* mobile_back_apple */,
			);
			name = Products;
			sourceTree = "<group>";
		};
/* End PBXGroup section */

/* Begin PBXNativeTarget section */
		BD949048287D8E540055FE69 /* mobile_back_apple */ = {
			isa = PBXNativeTarget;
			buildConfigurationList = BD949050287D8E540055FE69 /* Build configuration list for PBXNativeTarget "mobile_back_apple" */;
			buildPhases = (
				BD949045287D8E540055FE69 /* Sources */,
				BD949046287D8E540055FE69 /* Frameworks */,
				BD949047287D8E540055FE69 /* CopyFiles */,
			);
			buildRules = (
			);
			dependencies = (
			);
			name = mobile_back_apple;
			productName = mobile_back_apple;
			productReference = BD949049287D8E540055FE69 /* mobile_back_apple */;
			productType = "com.apple.product-type.tool";
		};
/* End PBXNativeTarget section */

/* Begin PBXProject section */
		BD949041287D8E540055FE69 /* Project object */ = {
			isa = PBXProject;
			attributes = {
				BuildIndependentTargetsInParallel = 1;
				LastUpgradeCheck = 1400;
				TargetAttributes = {
					BD949048287D8E540055FE69 = {
						CreatedOnToolsVersion = 13.4.1;
						LastSwiftMigration = 1430;
					};
				};
			};
			buildConfigurationList = BD949044287D8E540055FE69 /* Build configuration list for PBXProject "mobile_back_apple" */;
			compatibilityVersion = "Xcode 13.0";
			developmentRegion = en;
			hasScannedForEncodings = 0;
			knownRegions = (
				en,
				Base,
			);
			mainGroup = BD949040287D8E540055FE69;
			productRefGroup = BD94904A287D8E540055FE69 /* Products */;
			projectDirPath = "";
			projectRoot = "";
			targets = (
				BD949048287D8E540055FE69 /* mobile_back_apple */,
			);
		};
/* End PBXProject section */

/* Begin PBXSourcesBuildPhase section */
		BD949045287D8E540055FE69 /* Sources */ = {
			isa = PBXSourcesBuildPhase;
			buildActionMask = 2147483647;
			files = (
				BD94904D287D8E540055FE69 /* main.m in Sources */,
				3E9C865C2A0C222100E87350 /* coreml_util.swift in Sources */,
			);
			runOnlyForDeploymentPostprocessing = 0;
		};
/* End PBXSourcesBuildPhase section */

/* Begin XCBuildConfiguration section */
		BD94904E287D8E540055FE69 /* Debug */ = {
			isa = XCBuildConfiguration;
			buildSettings = {
				ALWAYS_SEARCH_USER_PATHS = NO;
				CLANG_ANALYZER_NONNULL = YES;
				CLANG_ANALYZER_NUMBER_OBJECT_CONVERSION = YES_AGGRESSIVE;
				CLANG_CXX_LANGUAGE_STANDARD = "gnu++17";
				CLANG_ENABLE_MODULES = YES;
				CLANG_ENABLE_OBJC_ARC = YES;
				CLANG_ENABLE_OBJC_WEAK = YES;
				CLANG_WARN_BLOCK_CAPTURE_AUTORELEASING = YES;
				CLANG_WARN_BOOL_CONVERSION = YES;
				CLANG_WARN_COMMA = YES;
				CLANG_WARN_CONSTANT_CONVERSION = YES;
				CLANG_WARN_DEPRECATED_OBJC_IMPLEMENTATIONS = YES;
				CLANG_WARN_DIRECT_OBJC_ISA_USAGE = YES_ERROR;
				CLANG_WARN_DOCUMENTATION_COMMENTS = YES;
				CLANG_WARN_EMPTY_BODY = YES;
				CLANG_WARN_ENUM_CONVERSION = YES;
				CLANG_WARN_INFINITE_RECURSION = YES;
				CLANG_WARN_INT_CONVERSION = YES;
				CLANG_WARN_NON_LITERAL_NULL_CONVERSION = YES;
				CLANG_WARN_OBJC_IMPLICIT_RETAIN_SELF = YES;
				CLANG_WARN_OBJC_LITERAL_CONVERSION = YES;
				CLANG_WARN_OBJC_ROOT_CLASS = YES_ERROR;
				CLANG_WARN_QUOTED_INCLUDE_IN_FRAMEWORK_HEADER = YES;
				CLANG_WARN_RANGE_LOOP_ANALYSIS = YES;
				CLANG_WARN_STRICT_PROTOTYPES = YES;
				CLANG_WARN_SUSPICIOUS_MOVE = YES;
				CLANG_WARN_UNGUARDED_AVAILABILITY = YES_AGGRESSIVE;
				CLANG_WARN_UNREACHABLE_CODE = YES;
				CLANG_WARN__DUPLICATE_METHOD_MATCH = YES;
				COPY_PHASE_STRIP = NO;
				DEAD_CODE_STRIPPING = YES;
				DEBUG_INFORMATION_FORMAT = dwarf;
				ENABLE_STRICT_OBJC_MSGSEND = YES;
				ENABLE_TESTABILITY = YES;
				GCC_C_LANGUAGE_STANDARD = gnu11;
				GCC_DYNAMIC_NO_PIC = NO;
				GCC_NO_COMMON_BLOCKS = YES;
				GCC_OPTIMIZATION_LEVEL = 0;
				GCC_PREPROCESSOR_DEFINITIONS = (
					"DEBUG=1",
					"$(inherited)",
				);
				GCC_WARN_64_TO_32_BIT_CONVERSION = YES;
				GCC_WARN_ABOUT_RETURN_TYPE = YES_ERROR;
				GCC_WARN_UNDECLARED_SELECTOR = YES;
				GCC_WARN_UNINITIALIZED_AUTOS = YES_AGGRESSIVE;
				GCC_WARN_UNUSED_FUNCTION = YES;
				GCC_WARN_UNUSED_VARIABLE = YES;
				MACOSX_DEPLOYMENT_TARGET = 12.3;
				MTL_ENABLE_DEBUG_INFO = INCLUDE_SOURCE;
				MTL_FAST_MATH = YES;
				ONLY_ACTIVE_ARCH = YES;
				SDKROOT = macosx;
			};
			name = Debug;
		};
		BD94904F287D8E540055FE69 /* Release */ = {
			isa = XCBuildConfiguration;
			buildSettings = {
				ALWAYS_SEARCH_USER_PATHS = NO;
				CLANG_ANALYZER_NONNULL = YES;
				CLANG_ANALYZER_NUMBER_OBJECT_CONVERSION = YES_AGGRESSIVE;
				CLANG_CXX_LANGUAGE_STANDARD = "gnu++17";
				CLANG_ENABLE_MODULES = YES;
				CLANG_ENABLE_OBJC_ARC = YES;
				CLANG_ENABLE_OBJC_WEAK = YES;
				CLANG_WARN_BLOCK_CAPTURE_AUTORELEASING = YES;
				CLANG_WARN_BOOL_CONVERSION = YES;
				CLANG_WARN_COMMA = YES;
				CLANG_WARN_CONSTANT_CONVERSION = YES;
				CLANG_WARN_DEPRECATED_OBJC_IMPLEMENTATIONS = YES;
				CLANG_WARN_DIRECT_OBJC_ISA_USAGE = YES_ERROR;
				CLANG_WARN_DOCUMENTATION_COMMENTS = YES;
				CLANG_WARN_EMPTY_BODY = YES;
				CLANG_WARN_ENUM_CONVERSION = YES;
				CLANG_WARN_INFINITE_RECURSION = YES;
				CLANG_WARN_INT_CONVERSION = YES;
				CLANG_WARN_NON_LITERAL_NULL_CONVERSION = YES;
				CLANG_WARN_OBJC_IMPLICIT_RETAIN_SELF = YES;
				CLANG_WARN_OBJC_LITERAL_CONVERSION = YES;
				CLANG_WARN_OBJC_ROOT_CLASS = YES_ERROR;
				CLANG_WARN_QUOTED_INCLUDE_IN_FRAMEWORK_HEADER = YES;
				CLANG_WARN_RANGE_LOOP_ANALYSIS = YES;
				CLANG_WARN_STRICT_PROTOTYPES = YES;
				CLANG_WARN_SUSPICIOUS_MOVE = YES;
				CLANG_WARN_UNGUARDED_AVAILABILITY = YES_AGGRESSIVE;
				CLANG_WARN_UNREACHABLE_CODE = YES;
				CLANG_WARN__DUPLICATE_METHOD_MATCH = YES;
				COPY_PHASE_STRIP = NO;
				DEAD_CODE_STRIPPING = YES;
				DEBUG_INFORMATION_FORMAT = "dwarf-with-dsym";
				ENABLE_NS_ASSERTIONS = NO;
				ENABLE_STRICT_OBJC_MSGSEND = YES;
				GCC_C_LANGUAGE_STANDARD = gnu11;
				GCC_NO_COMMON_BLOCKS = YES;
				GCC_WARN_64_TO_32_BIT_CONVERSION = YES;
				GCC_WARN_ABOUT_RETURN_TYPE = YES_ERROR;
				GCC_WARN_UNDECLARED_SELECTOR = YES;
				GCC_WARN_UNINITIALIZED_AUTOS = YES_AGGRESSIVE;
				GCC_WARN_UNUSED_FUNCTION = YES;
				GCC_WARN_UNUSED_VARIABLE = YES;
				MACOSX_DEPLOYMENT_TARGET = 12.3;
				MTL_ENABLE_DEBUG_INFO = NO;
				MTL_FAST_MATH = YES;
				SDKROOT = macosx;
			};
			name = Release;
		};
		BD949051287D8E540055FE69 /* Debug */ = {
			isa = XCBuildConfiguration;
			buildSettings = {
				CLANG_CXX_LANGUAGE_STANDARD = "c++14";
				CLANG_ENABLE_MODULES = YES;
				CODE_SIGN_IDENTITY = "-";
				CODE_SIGN_STYLE = Automatic;
				DEAD_CODE_STRIPPING = YES;
				GCC_INPUT_FILETYPE = sourcecode.cpp.objcpp;
				MACOSX_DEPLOYMENT_TARGET = 12.3;
				PRODUCT_NAME = "$(TARGET_NAME)";
				SUPPORTED_PLATFORMS = "iphonesimulator iphoneos";
				SWIFT_OBJC_BRIDGING_HEADER = "../cpp/backend_coreml/mobile_back_apple-Bridging-Header.h";
				SWIFT_OPTIMIZATION_LEVEL = "-Onone";
				SWIFT_VERSION = 5.0;
			};
			name = Debug;
		};
		BD949052287D8E540055FE69 /* Release */ = {
			isa = XCBuildConfiguration;
			buildSettings = {
				CLANG_CXX_LANGUAGE_STANDARD = "c++14";
				CLANG_ENABLE_MODULES = YES;
				CODE_SIGN_IDENTITY = "-";
				CODE_SIGN_STYLE = Automatic;
				DEAD_CODE_STRIPPING = YES;
				GCC_INPUT_FILETYPE = sourcecode.cpp.objcpp;
				MACOSX_DEPLOYMENT_TARGET = 12.3;
				PRODUCT_NAME = "$(TARGET_NAME)";
				SUPPORTED_PLATFORMS = "iphonesimulator iphoneos";
				SWIFT_OBJC_BRIDGING_HEADER = "../cpp/backend_coreml/mobile_back_apple-Bridging-Header.h";
				SWIFT_VERSION = 5.0;
			};
			name = Release;
		};
/* End XCBuildConfiguration section */

/* Begin XCConfigurationList section */
		BD949044287D8E540055FE69 /* Build configuration list for PBXProject "mobile_back_apple" */ = {
			isa = XCConfigurationList;
			buildConfigurations = (
				BD94904E287D8E540055FE69 /* Debug */,
				BD94904F287D8E540055FE69 /* Release */,
			);
			defaultConfigurationIsVisible = 0;
			defaultConfigurationName = Release;
		};
		BD949050287D8E540055FE69 /* Build configuration list for PBXNativeTarget "mobile_back_apple" */ = {
			isa = XCConfigurationList;
			buildConfigurations = (
				BD949051287D8E540055FE69 /* Debug */,
				BD949052287D8E540055FE69 /* Release */,
			);
			defaultConfigurationIsVisible = 0;
			defaultConfigurationName = Release;
		};
/* End XCConfigurationList section */
	};
	rootObject = BD949041287D8E540055FE69 /* Project object */;
}
